
Microsoft Visual Studio Solution File, Format Version 12.00
# Visual Studio Version 16
VisualStudioVersion = 16.0.34601.136
MinimumVisualStudioVersion = 10.0.40219.1
Project("{FAE04EC0-301F-11D3-BF4B-00C04F79EFBC}") = "DataAccessLayer", "DataAccessLayer.csproj", "{3889C790-52A6-4BF0-AA11-90AE09CB5481}"
EndProject
Project("{FAE04EC0-301F-11D3-BF4B-00C04F79EFBC}") = "DatabaseFirstExample", "..\DatabaseFirstExample\DatabaseFirstExample.csproj", "{C5B284AA-E244-4716-8F93-9080DC3C5256}"
EndProject
Global
	GlobalSection(SolutionConfigurationPlatforms) = preSolution
		Debug|Any CPU = Debug|Any CPU
		Release|Any CPU = Release|Any CPU
	EndGlobalSection
	GlobalSection(ProjectConfigurationPlatforms) = postSolution
		{3889C790-52A6-4BF0-AA11-90AE09CB5481}.Debug|Any CPU.ActiveCfg = Debug|Any CPU
		{3889C790-52A6-4BF0-AA11-90AE09CB5481}.Debug|Any CPU.Build.0 = Debug|Any CPU
		{3889C790-52A6-4BF0-AA11-90AE09CB5481}.Release|Any CPU.ActiveCfg = Release|Any CPU
		{3889C790-52A6-4BF0-AA11-90AE09CB5481}.Release|Any CPU.Build.0 = Release|Any CPU
		{C5B284AA-E244-4716-8F93-9080DC3C5256}.Debug|Any CPU.ActiveCfg = Debug|Any CPU
		{C5B284AA-E244-4716-8F93-9080DC3C5256}.Debug|Any CPU.Build.0 = Debug|Any CPU
		{C5B284AA-E244-4716-8F93-9080DC3C5256}.Release|Any CPU.ActiveCfg = Release|Any CPU
		{C5B284AA-E244-4716-8F93-9080DC3C5256}.Release|Any CPU.Build.0 = Release|Any CPU
	EndGlobalSection
	GlobalSection(SolutionProperties) = preSolution
		HideSolutionNode = FALSE
	EndGlobalSection
	GlobalSection(ExtensibilityGlobals) = postSolution
		SolutionGuid = {B77D4F6D-2FD0-412E-A980-D2ADCDA90141}
	EndGlobalSection
EndGlobal
